// !$*UTF8*$!
{
	archiveVersion = 1;
	classes = {
	};
	objectVersion = 50;
	objects = {

/* Begin PBXBuildFile section */
		2257BC8221B6C1DC00682C90 /* AppDelegate.m in Sources */ = {isa = PBXBuildFile; fileRef = 2257BC8121B6C1DC00682C90 /* AppDelegate.m */; };
		2257BC8521B6C1DC00682C90 /* ViewController.m in Sources */ = {isa = PBXBuildFile; fileRef = 2257BC8421B6C1DC00682C90 /* ViewController.m */; };
		2257BC8821B6C1DC00682C90 /* Main.storyboard in Resources */ = {isa = PBXBuildFile; fileRef = 2257BC8621B6C1DC00682C90 /* Main.storyboard */; };
		2257BC8A21B6C1DD00682C90 /* Assets.xcassets in Resources */ = {isa = PBXBuildFile; fileRef = 2257BC8921B6C1DD00682C90 /* Assets.xcassets */; };
		2257BC8D21B6C1DD00682C90 /* LaunchScreen.storyboard in Resources */ = {isa = PBXBuildFile; fileRef = 2257BC8B21B6C1DD00682C90 /* LaunchScreen.storyboard */; };
		2257BC9021B6C1DD00682C90 /* main.m in Sources */ = {isa = PBXBuildFile; fileRef = 2257BC8F21B6C1DD00682C90 /* main.m */; };
		2261F6FF21BD3648000CF656 /* RLMFastImage.m in Sources */ = {isa = PBXBuildFile; fileRef = 2261F6FE21BD3648000CF656 /* RLMFastImage.m */; };
		2261F70221BD37B8000CF656 /* UIImageView+RLMFastImage.m in Sources */ = {isa = PBXBuildFile; fileRef = 2261F70121BD37B8000CF656 /* UIImageView+RLMFastImage.m */; };
		468FCB0482CED1DBD96D18AB /* libPods-RLMFastImageExample.a in Frameworks */ = {isa = PBXBuildFile; fileRef = 7D83E4DD32121A5328F48B30 /* libPods-RLMFastImageExample.a */; };
/* End PBXBuildFile section */

/* Begin PBXFileReference section */
		2257BC7D21B6C1DC00682C90 /* RLMFastImageExample.app */ = {isa = PBXFileReference; explicitFileType = wrapper.application; includeInIndex = 0; path = RLMFastImageExample.app; sourceTree = BUILT_PRODUCTS_DIR; };
		2257BC8021B6C1DC00682C90 /* AppDelegate.h */ = {isa = PBXFileReference; lastKnownFileType = sourcecode.c.h; path = AppDelegate.h; sourceTree = "<group>"; };
		2257BC8121B6C1DC00682C90 /* AppDelegate.m */ = {isa = PBXFileReference; lastKnownFileType = sourcecode.c.objc; path = AppDelegate.m; sourceTree = "<group>"; };
		2257BC8321B6C1DC00682C90 /* ViewController.h */ = {isa = PBXFileReference; lastKnownFileType = sourcecode.c.h; path = ViewController.h; sourceTree = "<group>"; };
		2257BC8421B6C1DC00682C90 /* ViewController.m */ = {isa = PBXFileReference; lastKnownFileType = sourcecode.c.objc; path = ViewController.m; sourceTree = "<group>"; };
		2257BC8721B6C1DC00682C90 /* Base */ = {isa = PBXFileReference; lastKnownFileType = file.storyboard; name = Base; path = Base.lproj/Main.storyboard; sourceTree = "<group>"; };
		2257BC8921B6C1DD00682C90 /* Assets.xcassets */ = {isa = PBXFileReference; lastKnownFileType = folder.assetcatalog; path = Assets.xcassets; sourceTree = "<group>"; };
		2257BC8C21B6C1DD00682C90 /* Base */ = {isa = PBXFileReference; lastKnownFileType = file.storyboard; name = Base; path = Base.lproj/LaunchScreen.storyboard; sourceTree = "<group>"; };
		2257BC8E21B6C1DD00682C90 /* Info.plist */ = {isa = PBXFileReference; lastKnownFileType = text.plist.xml; path = Info.plist; sourceTree = "<group>"; };
		2257BC8F21B6C1DD00682C90 /* main.m */ = {isa = PBXFileReference; lastKnownFileType = sourcecode.c.objc; path = main.m; sourceTree = "<group>"; };
		2261F6FD21BD3648000CF656 /* RLMFastImage.h */ = {isa = PBXFileReference; fileEncoding = 4; lastKnownFileType = sourcecode.c.h; path = RLMFastImage.h; sourceTree = "<group>"; };
		2261F6FE21BD3648000CF656 /* RLMFastImage.m */ = {isa = PBXFileReference; fileEncoding = 4; lastKnownFileType = sourcecode.c.objc; path = RLMFastImage.m; sourceTree = "<group>"; };
		2261F70021BD37B8000CF656 /* UIImageView+RLMFastImage.h */ = {isa = PBXFileReference; lastKnownFileType = sourcecode.c.h; path = "UIImageView+RLMFastImage.h"; sourceTree = "<group>"; };
		2261F70121BD37B8000CF656 /* UIImageView+RLMFastImage.m */ = {isa = PBXFileReference; lastKnownFileType = sourcecode.c.objc; path = "UIImageView+RLMFastImage.m"; sourceTree = "<group>"; };
		7D83E4DD32121A5328F48B30 /* libPods-RLMFastImageExample.a */ = {isa = PBXFileReference; explicitFileType = archive.ar; includeInIndex = 0; path = "libPods-RLMFastImageExample.a"; sourceTree = BUILT_PRODUCTS_DIR; };
		9AEED15A3384F28782070FC4 /* Pods-RLMFastImageExample.debug.xcconfig */ = {isa = PBXFileReference; includeInIndex = 1; lastKnownFileType = text.xcconfig; name = "Pods-RLMFastImageExample.debug.xcconfig"; path = "Target Support Files/Pods-RLMFastImageExample/Pods-RLMFastImageExample.debug.xcconfig"; sourceTree = "<group>"; };
		CA82C95537472F617BDCBC11 /* Pods-RLMFastImageExample.release.xcconfig */ = {isa = PBXFileReference; includeInIndex = 1; lastKnownFileType = text.xcconfig; name = "Pods-RLMFastImageExample.release.xcconfig"; path = "Target Support Files/Pods-RLMFastImageExample/Pods-RLMFastImageExample.release.xcconfig"; sourceTree = "<group>"; };
/* End PBXFileReference section */

/* Begin PBXFrameworksBuildPhase section */
		2257BC7A21B6C1DC00682C90 /* Frameworks */ = {
			isa = PBXFrameworksBuildPhase;
			buildActionMask = 2147483647;
			files = (
				468FCB0482CED1DBD96D18AB /* libPods-RLMFastImageExample.a in Frameworks */,
			);
			runOnlyForDeploymentPostprocessing = 0;
		};
/* End PBXFrameworksBuildPhase section */

/* Begin PBXGroup section */
		2257BC7421B6C1DC00682C90 = {
			isa = PBXGroup;
			children = (
				2261F6FC21BD3648000CF656 /* RLMFastImage */,
				2257BC7F21B6C1DC00682C90 /* RLMFastImageExample */,
				2257BC7E21B6C1DC00682C90 /* Products */,
				33B06112EA37F494F9B8DE30 /* Pods */,
				5199D2BC83167158422D0367 /* Frameworks */,
			);
			sourceTree = "<group>";
		};
		2257BC7E21B6C1DC00682C90 /* Products */ = {
			isa = PBXGroup;
			children = (
				2257BC7D21B6C1DC00682C90 /* RLMFastImageExample.app */,
			);
			name = Products;
			sourceTree = "<group>";
		};
		2257BC7F21B6C1DC00682C90 /* RLMFastImageExample */ = {
			isa = PBXGroup;
			children = (
				2257BC8021B6C1DC00682C90 /* AppDelegate.h */,
				2257BC8121B6C1DC00682C90 /* AppDelegate.m */,
				2257BC8321B6C1DC00682C90 /* ViewController.h */,
				2257BC8421B6C1DC00682C90 /* ViewController.m */,
				2257BC8621B6C1DC00682C90 /* Main.storyboard */,
				2257BC8921B6C1DD00682C90 /* Assets.xcassets */,
				2257BC8B21B6C1DD00682C90 /* LaunchScreen.storyboard */,
				2257BC8E21B6C1DD00682C90 /* Info.plist */,
				2257BC8F21B6C1DD00682C90 /* main.m */,
			);
			path = RLMFastImageExample;
			sourceTree = "<group>";
		};
		2261F6FC21BD3648000CF656 /* RLMFastImage */ = {
			isa = PBXGroup;
			children = (
				2261F6FD21BD3648000CF656 /* RLMFastImage.h */,
				2261F6FE21BD3648000CF656 /* RLMFastImage.m */,
				2261F70021BD37B8000CF656 /* UIImageView+RLMFastImage.h */,
				2261F70121BD37B8000CF656 /* UIImageView+RLMFastImage.m */,
			);
			path = RLMFastImage;
			sourceTree = "<group>";
		};
		33B06112EA37F494F9B8DE30 /* Pods */ = {
			isa = PBXGroup;
			children = (
				9AEED15A3384F28782070FC4 /* Pods-RLMFastImageExample.debug.xcconfig */,
				CA82C95537472F617BDCBC11 /* Pods-RLMFastImageExample.release.xcconfig */,
			);
			path = Pods;
			sourceTree = "<group>";
		};
		5199D2BC83167158422D0367 /* Frameworks */ = {
			isa = PBXGroup;
			children = (
				7D83E4DD32121A5328F48B30 /* libPods-RLMFastImageExample.a */,
			);
			name = Frameworks;
			sourceTree = "<group>";
		};
/* End PBXGroup section */

/* Begin PBXNativeTarget section */
		2257BC7C21B6C1DC00682C90 /* RLMFastImageExample */ = {
			isa = PBXNativeTarget;
			buildConfigurationList = 2257BC9321B6C1DD00682C90 /* Build configuration list for PBXNativeTarget "RLMFastImageExample" */;
			buildPhases = (
				F7D5A2CAEE8DB032594AD5C4 /* [CP] Check Pods Manifest.lock */,
				2257BC7921B6C1DC00682C90 /* Sources */,
				2257BC7A21B6C1DC00682C90 /* Frameworks */,
				2257BC7B21B6C1DC00682C90 /* Resources */,
			);
			buildRules = (
			);
			dependencies = (
			);
			name = RLMFastImageExample;
			productName = RLMFastImageExample;
			productReference = 2257BC7D21B6C1DC00682C90 /* RLMFastImageExample.app */;
			productType = "com.apple.product-type.application";
		};
/* End PBXNativeTarget section */

/* Begin PBXProject section */
		2257BC7521B6C1DC00682C90 /* Project object */ = {
			isa = PBXProject;
			attributes = {
				LastUpgradeCheck = 1010;
				ORGANIZATIONNAME = "Tim Oliver";
				TargetAttributes = {
					2257BC7C21B6C1DC00682C90 = {
						CreatedOnToolsVersion = 10.1;
					};
				};
			};
			buildConfigurationList = 2257BC7821B6C1DC00682C90 /* Build configuration list for PBXProject "RLMFastImageExample" */;
			compatibilityVersion = "Xcode 9.3";
			developmentRegion = en;
			hasScannedForEncodings = 0;
			knownRegions = (
				en,
				Base,
			);
			mainGroup = 2257BC7421B6C1DC00682C90;
			productRefGroup = 2257BC7E21B6C1DC00682C90 /* Products */;
			projectDirPath = "";
			projectRoot = "";
			targets = (
				2257BC7C21B6C1DC00682C90 /* RLMFastImageExample */,
			);
		};
/* End PBXProject section */

/* Begin PBXResourcesBuildPhase section */
		2257BC7B21B6C1DC00682C90 /* Resources */ = {
			isa = PBXResourcesBuildPhase;
			buildActionMask = 2147483647;
			files = (
				2257BC8D21B6C1DD00682C90 /* LaunchScreen.storyboard in Resources */,
				2257BC8A21B6C1DD00682C90 /* Assets.xcassets in Resources */,
				2257BC8821B6C1DC00682C90 /* Main.storyboard in Resources */,
			);
			runOnlyForDeploymentPostprocessing = 0;
		};
/* End PBXResourcesBuildPhase section */

/* Begin PBXShellScriptBuildPhase section */
		F7D5A2CAEE8DB032594AD5C4 /* [CP] Check Pods Manifest.lock */ = {
			isa = PBXShellScriptBuildPhase;
			buildActionMask = 2147483647;
			files = (
			);
			inputFileListPaths = (
			);
			inputPaths = (
				"${PODS_PODFILE_DIR_PATH}/Podfile.lock",
				"${PODS_ROOT}/Manifest.lock",
			);
			name = "[CP] Check Pods Manifest.lock";
			outputFileListPaths = (
			);
			outputPaths = (
				"$(DERIVED_FILE_DIR)/Pods-RLMFastImageExample-checkManifestLockResult.txt",
			);
			runOnlyForDeploymentPostprocessing = 0;
			shellPath = /bin/sh;
			shellScript = "diff \"${PODS_PODFILE_DIR_PATH}/Podfile.lock\" \"${PODS_ROOT}/Manifest.lock\" > /dev/null\nif [ $? != 0 ] ; then\n    # print error to STDERR\n    echo \"error: The sandbox is not in sync with the Podfile.lock. Run 'pod install' or update your CocoaPods installation.\" >&2\n    exit 1\nfi\n# This output is used by Xcode 'outputs' to avoid re-running this script phase.\necho \"SUCCESS\" > \"${SCRIPT_OUTPUT_FILE_0}\"\n";
			showEnvVarsInLog = 0;
		};
/* End PBXShellScriptBuildPhase section */

/* Begin PBXSourcesBuildPhase section */
		2257BC7921B6C1DC00682C90 /* Sources */ = {
			isa = PBXSourcesBuildPhase;
			buildActionMask = 2147483647;
			files = (
				2257BC8521B6C1DC00682C90 /* ViewController.m in Sources */,
				2261F6FF21BD3648000CF656 /* RLMFastImage.m in Sources */,
				2261F70221BD37B8000CF656 /* UIImageView+RLMFastImage.m in Sources */,
				2257BC9021B6C1DD00682C90 /* main.m in Sources */,
				2257BC8221B6C1DC00682C90 /* AppDelegate.m in Sources */,
			);
			runOnlyForDeploymentPostprocessing = 0;
		};
/* End PBXSourcesBuildPhase section */

/* Begin PBXVariantGroup section */
		2257BC8621B6C1DC00682C90 /* Main.storyboard */ = {
			isa = PBXVariantGroup;
			children = (
				2257BC8721B6C1DC00682C90 /* Base */,
			);
			name = Main.storyboard;
			sourceTree = "<group>";
		};
		2257BC8B21B6C1DD00682C90 /* LaunchScreen.storyboard */ = {
			isa = PBXVariantGroup;
			children = (
				2257BC8C21B6C1DD00682C90 /* Base */,
			);
			name = LaunchScreen.storyboard;
			sourceTree = "<group>";
		};
/* End PBXVariantGroup section */

/* Begin XCBuildConfiguration section */
		2257BC9121B6C1DD00682C90 /* Debug */ = {
			isa = XCBuildConfiguration;
			buildSettings = {
				ALWAYS_SEARCH_USER_PATHS = NO;
				CLANG_ANALYZER_NONNULL = YES;
				CLANG_ANALYZER_NUMBER_OBJECT_CONVERSION = YES_AGGRESSIVE;
				CLANG_CXX_LANGUAGE_STANDARD = "gnu++14";
				CLANG_CXX_LIBRARY = "libc++";
				CLANG_ENABLE_MODULES = YES;
				CLANG_ENABLE_OBJC_ARC = YES;
				CLANG_ENABLE_OBJC_WEAK = YES;
				CLANG_WARN_BLOCK_CAPTURE_AUTORELEASING = YES;
				CLANG_WARN_BOOL_CONVERSION = YES;
				CLANG_WARN_COMMA = YES;
				CLANG_WARN_CONSTANT_CONVERSION = YES;
				CLANG_WARN_DEPRECATED_OBJC_IMPLEMENTATIONS = YES;
				CLANG_WARN_DIRECT_OBJC_ISA_USAGE = YES_ERROR;
				CLANG_WARN_DOCUMENTATION_COMMENTS = YES;
				CLANG_WARN_EMPTY_BODY = YES;
				CLANG_WARN_ENUM_CONVERSION = YES;
				CLANG_WARN_INFINITE_RECURSION = YES;
				CLANG_WARN_INT_CONVERSION = YES;
				CLANG_WARN_NON_LITERAL_NULL_CONVERSION = YES;
				CLANG_WARN_OBJC_IMPLICIT_RETAIN_SELF = YES;
				CLANG_WARN_OBJC_LITERAL_CONVERSION = YES;
				CLANG_WARN_OBJC_ROOT_CLASS = YES_ERROR;
				CLANG_WARN_RANGE_LOOP_ANALYSIS = YES;
				CLANG_WARN_STRICT_PROTOTYPES = YES;
				CLANG_WARN_SUSPICIOUS_MOVE = YES;
				CLANG_WARN_UNGUARDED_AVAILABILITY = YES_AGGRESSIVE;
				CLANG_WARN_UNREACHABLE_CODE = YES;
				CLANG_WARN__DUPLICATE_METHOD_MATCH = YES;
				CODE_SIGN_IDENTITY = "iPhone Developer";
				COPY_PHASE_STRIP = NO;
				DEBUG_INFORMATION_FORMAT = dwarf;
				ENABLE_STRICT_OBJC_MSGSEND = YES;
				ENABLE_TESTABILITY = YES;
				GCC_C_LANGUAGE_STANDARD = gnu11;
				GCC_DYNAMIC_NO_PIC = NO;
				GCC_NO_COMMON_BLOCKS = YES;
				GCC_OPTIMIZATION_LEVEL = 0;
				GCC_PREPROCESSOR_DEFINITIONS = (
					"DEBUG=1",
					"$(inherited)",
				);
				GCC_WARN_64_TO_32_BIT_CONVERSION = YES;
				GCC_WARN_ABOUT_RETURN_TYPE = YES_ERROR;
				GCC_WARN_UNDECLARED_SELECTOR = YES;
				GCC_WARN_UNINITIALIZED_AUTOS = YES_AGGRESSIVE;
				GCC_WARN_UNUSED_FUNCTION = YES;
				GCC_WARN_UNUSED_VARIABLE = YES;
				IPHONEOS_DEPLOYMENT_TARGET = 12.1;
				MTL_ENABLE_DEBUG_INFO = INCLUDE_SOURCE;
				MTL_FAST_MATH = YES;
				ONLY_ACTIVE_ARCH = YES;
				SDKROOT = iphoneos;
			};
			name = Debug;
		};
		2257BC9221B6C1DD00682C90 /* Release */ = {
			isa = XCBuildConfiguration;
			buildSettings = {
				ALWAYS_SEARCH_USER_PATHS = NO;
				CLANG_ANALYZER_NONNULL = YES;
				CLANG_ANALYZER_NUMBER_OBJECT_CONVERSION = YES_AGGRESSIVE;
				CLANG_CXX_LANGUAGE_STANDARD = "gnu++14";
				CLANG_CXX_LIBRARY = "libc++";
				CLANG_ENABLE_MODULES = YES;
				CLANG_ENABLE_OBJC_ARC = YES;
				CLANG_ENABLE_OBJC_WEAK = YES;
				CLANG_WARN_BLOCK_CAPTURE_AUTORELEASING = YES;
				CLANG_WARN_BOOL_CONVERSION = YES;
				CLANG_WARN_COMMA = YES;
				CLANG_WARN_CONSTANT_CONVERSION = YES;
				CLANG_WARN_DEPRECATED_OBJC_IMPLEMENTATIONS = YES;
				CLANG_WARN_DIRECT_OBJC_ISA_USAGE = YES_ERROR;
				CLANG_WARN_DOCUMENTATION_COMMENTS = YES;
				CLANG_WARN_EMPTY_BODY = YES;
				CLANG_WARN_ENUM_CONVERSION = YES;
				CLANG_WARN_INFINITE_RECURSION = YES;
				CLANG_WARN_INT_CONVERSION = YES;
				CLANG_WARN_NON_LITERAL_NULL_CONVERSION = YES;
				CLANG_WARN_OBJC_IMPLICIT_RETAIN_SELF = YES;
				CLANG_WARN_OBJC_LITERAL_CONVERSION = YES;
				CLANG_WARN_OBJC_ROOT_CLASS = YES_ERROR;
				CLANG_WARN_RANGE_LOOP_ANALYSIS = YES;
				CLANG_WARN_STRICT_PROTOTYPES = YES;
				CLANG_WARN_SUSPICIOUS_MOVE = YES;
				CLANG_WARN_UNGUARDED_AVAILABILITY = YES_AGGRESSIVE;
				CLANG_WARN_UNREACHABLE_CODE = YES;
				CLANG_WARN__DUPLICATE_METHOD_MATCH = YES;
				CODE_SIGN_IDENTITY = "iPhone Developer";
				COPY_PHASE_STRIP = NO;
				DEBUG_INFORMATION_FORMAT = "dwarf-with-dsym";
				ENABLE_NS_ASSERTIONS = NO;
				ENABLE_STRICT_OBJC_MSGSEND = YES;
				GCC_C_LANGUAGE_STANDARD = gnu11;
				GCC_NO_COMMON_BLOCKS = YES;
				GCC_WARN_64_TO_32_BIT_CONVERSION = YES;
				GCC_WARN_ABOUT_RETURN_TYPE = YES_ERROR;
				GCC_WARN_UNDECLARED_SELECTOR = YES;
				GCC_WARN_UNINITIALIZED_AUTOS = YES_AGGRESSIVE;
				GCC_WARN_UNUSED_FUNCTION = YES;
				GCC_WARN_UNUSED_VARIABLE = YES;
				IPHONEOS_DEPLOYMENT_TARGET = 12.1;
				MTL_ENABLE_DEBUG_INFO = NO;
				MTL_FAST_MATH = YES;
				SDKROOT = iphoneos;
				VALIDATE_PRODUCT = YES;
			};
			name = Release;
		};
		2257BC9421B6C1DD00682C90 /* Debug */ = {
			isa = XCBuildConfiguration;
			baseConfigurationReference = 9AEED15A3384F28782070FC4 /* Pods-RLMFastImageExample.debug.xcconfig */;
			buildSettings = {
				ASSETCATALOG_COMPILER_APPICON_NAME = AppIcon;
				CODE_SIGN_STYLE = Automatic;
				DEVELOPMENT_TEAM = 6LF3GMKZAB;
				INFOPLIST_FILE = RLMFastImageExample/Info.plist;
				IPHONEOS_DEPLOYMENT_TARGET = 11.0;
				LD_RUNPATH_SEARCH_PATHS = (
					"$(inherited)",
					"@executable_path/Frameworks",
				);
				PRODUCT_BUNDLE_IDENTIFIER = xd.realm.RLMFastImageExample;
				PRODUCT_NAME = "$(TARGET_NAME)";
				TARGETED_DEVICE_FAMILY = "1,2";
			};
			name = Debug;
		};
		2257BC9521B6C1DD00682C90 /* Release */ = {
			isa = XCBuildConfiguration;
			baseConfigurationReference = CA82C95537472F617BDCBC11 /* Pods-RLMFastImageExample.release.xcconfig */;
			buildSettings = {
				ASSETCATALOG_COMPILER_APPICON_NAME = AppIcon;
				CODE_SIGN_STYLE = Automatic;
				DEVELOPMENT_TEAM = 6LF3GMKZAB;
				INFOPLIST_FILE = RLMFastImageExample/Info.plist;
				IPHONEOS_DEPLOYMENT_TARGET = 11.0;
				LD_RUNPATH_SEARCH_PATHS = (
					"$(inherited)",
					"@executable_path/Frameworks",
				);
				PRODUCT_BUNDLE_IDENTIFIER = xd.realm.RLMFastImageExample;
				PRODUCT_NAME = "$(TARGET_NAME)";
				TARGETED_DEVICE_FAMILY = "1,2";
			};
			name = Release;
		};
/* End XCBuildConfiguration section */

/* Begin XCConfigurationList section */
		2257BC7821B6C1DC00682C90 /* Build configuration list for PBXProject "RLMFastImageExample" */ = {
			isa = XCConfigurationList;
			buildConfigurations = (
				2257BC9121B6C1DD00682C90 /* Debug */,
				2257BC9221B6C1DD00682C90 /* Release */,
			);
			defaultConfigurationIsVisible = 0;
			defaultConfigurationName = Release;
		};
		2257BC9321B6C1DD00682C90 /* Build configuration list for PBXNativeTarget "RLMFastImageExample" */ = {
			isa = XCConfigurationList;
			buildConfigurations = (
				2257BC9421B6C1DD00682C90 /* Debug */,
				2257BC9521B6C1DD00682C90 /* Release */,
			);
			defaultConfigurationIsVisible = 0;
			defaultConfigurationName = Release;
		};
/* End XCConfigurationList section */
	};
	rootObject = 2257BC7521B6C1DC00682C90 /* Project object */;
}
